// !$*UTF8*$!
{
	archiveVersion = 1;
	classes = {
	};
	objectVersion = 56;
	objects = {

/* Begin PBXBuildFile section */
		C30D8ADC2BB58F5D00886AA1 /* BookUIApp.swift in Sources */ = {isa = PBXBuildFile; fileRef = C30D8ADB2BB58F5D00886AA1 /* BookUIApp.swift */; };
		C30D8ADE2BB58F5D00886AA1 /* BookView.swift in Sources */ = {isa = PBXBuildFile; fileRef = C30D8ADD2BB58F5D00886AA1 /* BookView.swift */; };
		C30D8AE02BB58F6700886AA1 /* Assets.xcassets in Resources */ = {isa = PBXBuildFile; fileRef = C30D8ADF2BB58F6700886AA1 /* Assets.xcassets */; };
		C30D8AE32BB58F6700886AA1 /* Preview Assets.xcassets in Resources */ = {isa = PBXBuildFile; fileRef = C30D8AE22BB58F6700886AA1 /* Preview Assets.xcassets */; };
		C36F05272BB80BC7002494E2 /* PageLayerType.swift in Sources */ = {isa = PBXBuildFile; fileRef = C36F05262BB80BC7002494E2 /* PageLayerType.swift */; };
		C36F05292BB80BE5002494E2 /* PageDirectionType.swift in Sources */ = {isa = PBXBuildFile; fileRef = C36F05282BB80BE5002494E2 /* PageDirectionType.swift */; };
		C36F052B2BB80C21002494E2 /* PageView.swift in Sources */ = {isa = PBXBuildFile; fileRef = C36F052A2BB80C21002494E2 /* PageView.swift */; };
		C36F052E2BB80C63002494E2 /* PageSwipeStatus.swift in Sources */ = {isa = PBXBuildFile; fileRef = C36F052D2BB80C63002494E2 /* PageSwipeStatus.swift */; };
		C36F054E2BB8FB45002494E2 /* StrokeBackground.swift in Sources */ = {isa = PBXBuildFile; fileRef = C36F054D2BB8FB45002494E2 /* StrokeBackground.swift */; };
/* End PBXBuildFile section */

/* Begin PBXFileReference section */
		C30D8AD82BB58F5D00886AA1 /* BookUIApp.app */ = {isa = PBXFileReference; explicitFileType = wrapper.application; includeInIndex = 0; path = BookUIApp.app; sourceTree = BUILT_PRODUCTS_DIR; };
		C30D8ADB2BB58F5D00886AA1 /* BookUIApp.swift */ = {isa = PBXFileReference; lastKnownFileType = sourcecode.swift; path = BookUIApp.swift; sourceTree = "<group>"; };
		C30D8ADD2BB58F5D00886AA1 /* BookView.swift */ = {isa = PBXFileReference; lastKnownFileType = sourcecode.swift; path = BookView.swift; sourceTree = "<group>"; };
		C30D8ADF2BB58F6700886AA1 /* Assets.xcassets */ = {isa = PBXFileReference; lastKnownFileType = folder.assetcatalog; path = Assets.xcassets; sourceTree = "<group>"; };
		C30D8AE22BB58F6700886AA1 /* Preview Assets.xcassets */ = {isa = PBXFileReference; lastKnownFileType = folder.assetcatalog; path = "Preview Assets.xcassets"; sourceTree = "<group>"; };
		C36F05262BB80BC7002494E2 /* PageLayerType.swift */ = {isa = PBXFileReference; lastKnownFileType = sourcecode.swift; path = PageLayerType.swift; sourceTree = "<group>"; };
		C36F05282BB80BE5002494E2 /* PageDirectionType.swift */ = {isa = PBXFileReference; lastKnownFileType = sourcecode.swift; path = PageDirectionType.swift; sourceTree = "<group>"; };
		C36F052A2BB80C21002494E2 /* PageView.swift */ = {isa = PBXFileReference; lastKnownFileType = sourcecode.swift; path = PageView.swift; sourceTree = "<group>"; };
		C36F052D2BB80C63002494E2 /* PageSwipeStatus.swift */ = {isa = PBXFileReference; lastKnownFileType = sourcecode.swift; path = PageSwipeStatus.swift; sourceTree = "<group>"; };
		C36F054D2BB8FB45002494E2 /* StrokeBackground.swift */ = {isa = PBXFileReference; lastKnownFileType = sourcecode.swift; path = StrokeBackground.swift; sourceTree = "<group>"; };
/* End PBXFileReference section */

/* Begin PBXFrameworksBuildPhase section */
		C30D8AD52BB58F5D00886AA1 /* Frameworks */ = {
			isa = PBXFrameworksBuildPhase;
			buildActionMask = 2147483647;
			files = (
			);
			runOnlyForDeploymentPostprocessing = 0;
		};
/* End PBXFrameworksBuildPhase section */

/* Begin PBXGroup section */
		C30D8ACF2BB58F5D00886AA1 = {
			isa = PBXGroup;
			children = (
				C30D8ADA2BB58F5D00886AA1 /* BookUIApp */,
				C30D8AD92BB58F5D00886AA1 /* Products */,
			);
			sourceTree = "<group>";
		};
		C30D8AD92BB58F5D00886AA1 /* Products */ = {
			isa = PBXGroup;
			children = (
				C30D8AD82BB58F5D00886AA1 /* BookUIApp.app */,
			);
			name = Products;
			sourceTree = "<group>";
		};
		C30D8ADA2BB58F5D00886AA1 /* BookUIApp */ = {
			isa = PBXGroup;
			children = (
				C36F054C2BB8FB35002494E2 /* Extensions */,
				C36F054B2BB8DA06002494E2 /* Components */,
				C36F052C2BB80C52002494E2 /* Enum */,
				C30D8ADB2BB58F5D00886AA1 /* BookUIApp.swift */,
				C30D8ADD2BB58F5D00886AA1 /* BookView.swift */,
				C30D8ADF2BB58F6700886AA1 /* Assets.xcassets */,
				C30D8AE12BB58F6700886AA1 /* Preview Content */,
			);
			path = BookUIApp;
			sourceTree = "<group>";
		};
		C30D8AE12BB58F6700886AA1 /* Preview Content */ = {
			isa = PBXGroup;
			children = (
				C30D8AE22BB58F6700886AA1 /* Preview Assets.xcassets */,
			);
			path = "Preview Content";
			sourceTree = "<group>";
		};
		C36F052C2BB80C52002494E2 /* Enum */ = {
			isa = PBXGroup;
			children = (
				C36F05282BB80BE5002494E2 /* PageDirectionType.swift */,
				C36F05262BB80BC7002494E2 /* PageLayerType.swift */,
				C36F052D2BB80C63002494E2 /* PageSwipeStatus.swift */,
			);
			path = Enum;
			sourceTree = "<group>";
		};
		C36F054B2BB8DA06002494E2 /* Components */ = {
			isa = PBXGroup;
			children = (
				C36F052A2BB80C21002494E2 /* PageView.swift */,
			);
			path = Components;
			sourceTree = "<group>";
		};
		C36F054C2BB8FB35002494E2 /* Extensions */ = {
			isa = PBXGroup;
			children = (
				C36F054D2BB8FB45002494E2 /* StrokeBackground.swift */,
			);
			path = Extensions;
			sourceTree = "<group>";
		};
/* End PBXGroup section */

/* Begin PBXNativeTarget section */
		C30D8AD72BB58F5D00886AA1 /* BookUIApp */ = {
			isa = PBXNativeTarget;
			buildConfigurationList = C30D8AE62BB58F6700886AA1 /* Build configuration list for PBXNativeTarget "BookUIApp" */;
			buildPhases = (
				C30D8AD42BB58F5D00886AA1 /* Sources */,
				C30D8AD52BB58F5D00886AA1 /* Frameworks */,
				C30D8AD62BB58F5D00886AA1 /* Resources */,
			);
			buildRules = (
			);
			dependencies = (
			);
			name = BookUIApp;
			productName = BookUIApp;
			productReference = C30D8AD82BB58F5D00886AA1 /* BookUIApp.app */;
			productType = "com.apple.product-type.application";
		};
/* End PBXNativeTarget section */

/* Begin PBXProject section */
		C30D8AD02BB58F5D00886AA1 /* Project object */ = {
			isa = PBXProject;
			attributes = {
				BuildIndependentTargetsInParallel = 1;
				LastSwiftUpdateCheck = 1530;
				LastUpgradeCheck = 1530;
				TargetAttributes = {
					C30D8AD72BB58F5D00886AA1 = {
						CreatedOnToolsVersion = 15.3;
					};
				};
			};
			buildConfigurationList = C30D8AD32BB58F5D00886AA1 /* Build configuration list for PBXProject "BookUIApp" */;
			compatibilityVersion = "Xcode 14.0";
			developmentRegion = en;
			hasScannedForEncodings = 0;
			knownRegions = (
				en,
				Base,
			);
			mainGroup = C30D8ACF2BB58F5D00886AA1;
			productRefGroup = C30D8AD92BB58F5D00886AA1 /* Products */;
			projectDirPath = "";
			projectRoot = "";
			targets = (
				C30D8AD72BB58F5D00886AA1 /* BookUIApp */,
			);
		};
/* End PBXProject section */

/* Begin PBXResourcesBuildPhase section */
		C30D8AD62BB58F5D00886AA1 /* Resources */ = {
			isa = PBXResourcesBuildPhase;
			buildActionMask = 2147483647;
			files = (
				C30D8AE32BB58F6700886AA1 /* Preview Assets.xcassets in Resources */,
				C30D8AE02BB58F6700886AA1 /* Assets.xcassets in Resources */,
			);
			runOnlyForDeploymentPostprocessing = 0;
		};
/* End PBXResourcesBuildPhase section */

/* Begin PBXSourcesBuildPhase section */
		C30D8AD42BB58F5D00886AA1 /* Sources */ = {
			isa = PBXSourcesBuildPhase;
			buildActionMask = 2147483647;
			files = (
				C36F054E2BB8FB45002494E2 /* StrokeBackground.swift in Sources */,
				C36F052B2BB80C21002494E2 /* PageView.swift in Sources */,
				C36F052E2BB80C63002494E2 /* PageSwipeStatus.swift in Sources */,
				C30D8ADE2BB58F5D00886AA1 /* BookView.swift in Sources */,
				C36F05272BB80BC7002494E2 /* PageLayerType.swift in Sources */,
				C36F05292BB80BE5002494E2 /* PageDirectionType.swift in Sources */,
				C30D8ADC2BB58F5D00886AA1 /* BookUIApp.swift in Sources */,
			);
			runOnlyForDeploymentPostprocessing = 0;
		};
/* End PBXSourcesBuildPhase section */

/* Begin XCBuildConfiguration section */
		C30D8AE42BB58F6700886AA1 /* Debug */ = {
			isa = XCBuildConfiguration;
			buildSettings = {
				ALWAYS_SEARCH_USER_PATHS = NO;
				ASSETCATALOG_COMPILER_GENERATE_SWIFT_ASSET_SYMBOL_EXTENSIONS = YES;
				CLANG_ANALYZER_NONNULL = YES;
				CLANG_ANALYZER_NUMBER_OBJECT_CONVERSION = YES_AGGRESSIVE;
				CLANG_CXX_LANGUAGE_STANDARD = "gnu++20";
				CLANG_ENABLE_MODULES = YES;
				CLANG_ENABLE_OBJC_ARC = YES;
				CLANG_ENABLE_OBJC_WEAK = YES;
				CLANG_WARN_BLOCK_CAPTURE_AUTORELEASING = YES;
				CLANG_WARN_BOOL_CONVERSION = YES;
				CLANG_WARN_COMMA = YES;
				CLANG_WARN_CONSTANT_CONVERSION = YES;
				CLANG_WARN_DEPRECATED_OBJC_IMPLEMENTATIONS = YES;
				CLANG_WARN_DIRECT_OBJC_ISA_USAGE = YES_ERROR;
				CLANG_WARN_DOCUMENTATION_COMMENTS = YES;
				CLANG_WARN_EMPTY_BODY = YES;
				CLANG_WARN_ENUM_CONVERSION = YES;
				CLANG_WARN_INFINITE_RECURSION = YES;
				CLANG_WARN_INT_CONVERSION = YES;
				CLANG_WARN_NON_LITERAL_NULL_CONVERSION = YES;
				CLANG_WARN_OBJC_IMPLICIT_RETAIN_SELF = YES;
				CLANG_WARN_OBJC_LITERAL_CONVERSION = YES;
				CLANG_WARN_OBJC_ROOT_CLASS = YES_ERROR;
				CLANG_WARN_QUOTED_INCLUDE_IN_FRAMEWORK_HEADER = YES;
				CLANG_WARN_RANGE_LOOP_ANALYSIS = YES;
				CLANG_WARN_STRICT_PROTOTYPES = YES;
				CLANG_WARN_SUSPICIOUS_MOVE = YES;
				CLANG_WARN_UNGUARDED_AVAILABILITY = YES_AGGRESSIVE;
				CLANG_WARN_UNREACHABLE_CODE = YES;
				CLANG_WARN__DUPLICATE_METHOD_MATCH = YES;
				COPY_PHASE_STRIP = NO;
				DEBUG_INFORMATION_FORMAT = dwarf;
				ENABLE_STRICT_OBJC_MSGSEND = YES;
				ENABLE_TESTABILITY = YES;
				ENABLE_USER_SCRIPT_SANDBOXING = YES;
				GCC_C_LANGUAGE_STANDARD = gnu17;
				GCC_DYNAMIC_NO_PIC = NO;
				GCC_NO_COMMON_BLOCKS = YES;
				GCC_OPTIMIZATION_LEVEL = 0;
				GCC_PREPROCESSOR_DEFINITIONS = (
					"DEBUG=1",
					"$(inherited)",
				);
				GCC_WARN_64_TO_32_BIT_CONVERSION = YES;
				GCC_WARN_ABOUT_RETURN_TYPE = YES_ERROR;
				GCC_WARN_UNDECLARED_SELECTOR = YES;
				GCC_WARN_UNINITIALIZED_AUTOS = YES_AGGRESSIVE;
				GCC_WARN_UNUSED_FUNCTION = YES;
				GCC_WARN_UNUSED_VARIABLE = YES;
				IPHONEOS_DEPLOYMENT_TARGET = 17.0;
				LOCALIZATION_PREFERS_STRING_CATALOGS = YES;
				MTL_ENABLE_DEBUG_INFO = INCLUDE_SOURCE;
				MTL_FAST_MATH = YES;
				ONLY_ACTIVE_ARCH = YES;
				SDKROOT = iphoneos;
				SWIFT_ACTIVE_COMPILATION_CONDITIONS = "DEBUG $(inherited)";
				SWIFT_OPTIMIZATION_LEVEL = "-Onone";
			};
			name = Debug;
		};
		C30D8AE52BB58F6700886AA1 /* Release */ = {
			isa = XCBuildConfiguration;
			buildSettings = {
				ALWAYS_SEARCH_USER_PATHS = NO;
				ASSETCATALOG_COMPILER_GENERATE_SWIFT_ASSET_SYMBOL_EXTENSIONS = YES;
				CLANG_ANALYZER_NONNULL = YES;
				CLANG_ANALYZER_NUMBER_OBJECT_CONVERSION = YES_AGGRESSIVE;
				CLANG_CXX_LANGUAGE_STANDARD = "gnu++20";
				CLANG_ENABLE_MODULES = YES;
				CLANG_ENABLE_OBJC_ARC = YES;
				CLANG_ENABLE_OBJC_WEAK = YES;
				CLANG_WARN_BLOCK_CAPTURE_AUTORELEASING = YES;
				CLANG_WARN_BOOL_CONVERSION = YES;
				CLANG_WARN_COMMA = YES;
				CLANG_WARN_CONSTANT_CONVERSION = YES;
				CLANG_WARN_DEPRECATED_OBJC_IMPLEMENTATIONS = YES;
				CLANG_WARN_DIRECT_OBJC_ISA_USAGE = YES_ERROR;
				CLANG_WARN_DOCUMENTATION_COMMENTS = YES;
				CLANG_WARN_EMPTY_BODY = YES;
				CLANG_WARN_ENUM_CONVERSION = YES;
				CLANG_WARN_INFINITE_RECURSION = YES;
				CLANG_WARN_INT_CONVERSION = YES;
				CLANG_WARN_NON_LITERAL_NULL_CONVERSION = YES;
				CLANG_WARN_OBJC_IMPLICIT_RETAIN_SELF = YES;
				CLANG_WARN_OBJC_LITERAL_CONVERSION = YES;
				CLANG_WARN_OBJC_ROOT_CLASS = YES_ERROR;
				CLANG_WARN_QUOTED_INCLUDE_IN_FRAMEWORK_HEADER = YES;
				CLANG_WARN_RANGE_LOOP_ANALYSIS = YES;
				CLANG_WARN_STRICT_PROTOTYPES = YES;
				CLANG_WARN_SUSPICIOUS_MOVE = YES;
				CLANG_WARN_UNGUARDED_AVAILABILITY = YES_AGGRESSIVE;
				CLANG_WARN_UNREACHABLE_CODE = YES;
				CLANG_WARN__DUPLICATE_METHOD_MATCH = YES;
				COPY_PHASE_STRIP = NO;
				DEBUG_INFORMATION_FORMAT = "dwarf-with-dsym";
				ENABLE_NS_ASSERTIONS = NO;
				ENABLE_STRICT_OBJC_MSGSEND = YES;
				ENABLE_USER_SCRIPT_SANDBOXING = YES;
				GCC_C_LANGUAGE_STANDARD = gnu17;
				GCC_NO_COMMON_BLOCKS = YES;
				GCC_WARN_64_TO_32_BIT_CONVERSION = YES;
				GCC_WARN_ABOUT_RETURN_TYPE = YES_ERROR;
				GCC_WARN_UNDECLARED_SELECTOR = YES;
				GCC_WARN_UNINITIALIZED_AUTOS = YES_AGGRESSIVE;
				GCC_WARN_UNUSED_FUNCTION = YES;
				GCC_WARN_UNUSED_VARIABLE = YES;
				IPHONEOS_DEPLOYMENT_TARGET = 17.0;
				LOCALIZATION_PREFERS_STRING_CATALOGS = YES;
				MTL_ENABLE_DEBUG_INFO = NO;
				MTL_FAST_MATH = YES;
				SDKROOT = iphoneos;
				SWIFT_COMPILATION_MODE = wholemodule;
				VALIDATE_PRODUCT = YES;
			};
			name = Release;
		};
		C30D8AE72BB58F6700886AA1 /* Debug */ = {
			isa = XCBuildConfiguration;
			buildSettings = {
				ASSETCATALOG_COMPILER_APPICON_NAME = AppIcon;
				ASSETCATALOG_COMPILER_GLOBAL_ACCENT_COLOR_NAME = AccentColor;
				CODE_SIGN_STYLE = Automatic;
				CURRENT_PROJECT_VERSION = 1;
				DEVELOPMENT_ASSET_PATHS = "\"BookUIApp/Preview Content\"";
				DEVELOPMENT_TEAM = 669226BDWM;
				ENABLE_PREVIEWS = YES;
				GENERATE_INFOPLIST_FILE = YES;
				INFOPLIST_KEY_UIApplicationSceneManifest_Generation = YES;
				INFOPLIST_KEY_UIApplicationSupportsIndirectInputEvents = YES;
				INFOPLIST_KEY_UILaunchScreen_Generation = YES;
				INFOPLIST_KEY_UISupportedInterfaceOrientations = "UIInterfaceOrientationLandscapeLeft UIInterfaceOrientationLandscapeRight";
				INFOPLIST_KEY_UISupportedInterfaceOrientations_iPad = "UIInterfaceOrientationLandscapeLeft UIInterfaceOrientationLandscapeRight UIInterfaceOrientationPortrait UIInterfaceOrientationPortraitUpsideDown";
				IPHONEOS_DEPLOYMENT_TARGET = 17.0;
				LD_RUNPATH_SEARCH_PATHS = (
					"$(inherited)",
					"@executable_path/Frameworks",
				);
				MARKETING_VERSION = 1.0;
				PRODUCT_BUNDLE_IDENTIFIER = yugo.sugiyama.BookUIApp;
				PRODUCT_NAME = "$(TARGET_NAME)";
				SWIFT_EMIT_LOC_STRINGS = YES;
				SWIFT_VERSION = 5.0;
				TARGETED_DEVICE_FAMILY = "1,2";
			};
			name = Debug;
		};
		C30D8AE82BB58F6700886AA1 /* Release */ = {
			isa = XCBuildConfiguration;
			buildSettings = {
				ASSETCATALOG_COMPILER_APPICON_NAME = AppIcon;
				ASSETCATALOG_COMPILER_GLOBAL_ACCENT_COLOR_NAME = AccentColor;
				CODE_SIGN_STYLE = Automatic;
				CURRENT_PROJECT_VERSION = 1;
				DEVELOPMENT_ASSET_PATHS = "\"BookUIApp/Preview Content\"";
				DEVELOPMENT_TEAM = 669226BDWM;
				ENABLE_PREVIEWS = YES;
				GENERATE_INFOPLIST_FILE = YES;
				INFOPLIST_KEY_UIApplicationSceneManifest_Generation = YES;
				INFOPLIST_KEY_UIApplicationSupportsIndirectInputEvents = YES;
				INFOPLIST_KEY_UILaunchScreen_Generation = YES;
				INFOPLIST_KEY_UISupportedInterfaceOrientations = "UIInterfaceOrientationLandscapeLeft UIInterfaceOrientationLandscapeRight";
				INFOPLIST_KEY_UISupportedInterfaceOrientations_iPad = "UIInterfaceOrientationLandscapeLeft UIInterfaceOrientationLandscapeRight UIInterfaceOrientationPortrait UIInterfaceOrientationPortraitUpsideDown";
				IPHONEOS_DEPLOYMENT_TARGET = 17.0;
				LD_RUNPATH_SEARCH_PATHS = (
					"$(inherited)",
					"@executable_path/Frameworks",
				);
				MARKETING_VERSION = 1.0;
				PRODUCT_BUNDLE_IDENTIFIER = yugo.sugiyama.BookUIApp;
				PRODUCT_NAME = "$(TARGET_NAME)";
				SWIFT_EMIT_LOC_STRINGS = YES;
				SWIFT_VERSION = 5.0;
				TARGETED_DEVICE_FAMILY = "1,2";
			};
			name = Release;
		};
/* End XCBuildConfiguration section */

/* Begin XCConfigurationList section */
		C30D8AD32BB58F5D00886AA1 /* Build configuration list for PBXProject "BookUIApp" */ = {
			isa = XCConfigurationList;
			buildConfigurations = (
				C30D8AE42BB58F6700886AA1 /* Debug */,
				C30D8AE52BB58F6700886AA1 /* Release */,
			);
			defaultConfigurationIsVisible = 0;
			defaultConfigurationName = Release;
		};
		C30D8AE62BB58F6700886AA1 /* Build configuration list for PBXNativeTarget "BookUIApp" */ = {
			isa = XCConfigurationList;
			buildConfigurations = (
				C30D8AE72BB58F6700886AA1 /* Debug */,
				C30D8AE82BB58F6700886AA1 /* Release */,
			);
			defaultConfigurationIsVisible = 0;
			defaultConfigurationName = Release;
		};
/* End XCConfigurationList section */
	};
	rootObject = C30D8AD02BB58F5D00886AA1 /* Project object */;
}
